
Microsoft Visual Studio Solution File, Format Version 12.00
# Visual Studio Version 17
VisualStudioVersion = 17.9.34622.214
MinimumVisualStudioVersion = 10.0.40219.1
Project("{9A19103F-16F7-4668-BE54-9A1E7A4F7556}") = "ConsoleApp1", "ConsoleApp1\ConsoleApp1.csproj", "{29984990-90BD-4536-82F1-3B957D7C1D1B}"
EndProject
Project("{9A19103F-16F7-4668-BE54-9A1E7A4F7556}") = "ConsoleApp2", "ConsoleApp2\ConsoleApp2.csproj", "{69F40945-C7E7-4515-A223-C505C50C1FB5}"
EndProject
Project("{2150E333-8FDC-42A3-9474-1A3956D46DE8}") = "Buoi1", "Buoi1", "{EA889A45-1DDD-45B2-9A51-413C789A6BC6}"
EndProject
Project("{2150E333-8FDC-42A3-9474-1A3956D46DE8}") = "Buoi2", "Buoi2", "{3E461A8A-2CAC-4D86-A03A-8E17EFEC662E}"
EndProject
Project("{9A19103F-16F7-4668-BE54-9A1E7A4F7556}") = "CacDauChamHoi", "CacDauChamHoi\CacDauChamHoi.csproj", "{146EA814-4814-452B-A919-4FD8B6590A91}"
EndProject
Project("{9A19103F-16F7-4668-BE54-9A1E7A4F7556}") = "SwitchCSharp", "SwitchCSharp\SwitchCSharp.csproj", "{9938570B-2673-4DB0-A2A6-B489C35EF939}"
EndProject
Project("{9A19103F-16F7-4668-BE54-9A1E7A4F7556}") = "TryCatchCSharp", "TryCatchCSharp\TryCatchCSharp.csproj", "{AE43C14C-F246-4A0F-A3E9-ACAC62AEBC9C}"
EndProject
Project("{2150E333-8FDC-42A3-9474-1A3956D46DE8}") = "Buoi3", "Buoi3", "{D97ABCC1-7740-4A7C-A51E-578A5FE8005C}"
EndProject
Project("{9A19103F-16F7-4668-BE54-9A1E7A4F7556}") = "OOPBasic", "OOPBasic\OOPBasic.csproj", "{560B03E2-1E32-4975-9B9B-0274BB2AE3CF}"
EndProject
Project("{2150E333-8FDC-42A3-9474-1A3956D46DE8}") = "A_GhiChu", "A_GhiChu", "{78746570-8B3B-4FDD-9904-88B8FACC0333}"
	ProjectSection(SolutionItems) = preProject
		noteOOP.txt = noteOOP.txt
	EndProjectSection
EndProject
Project("{9A19103F-16F7-4668-BE54-9A1E7A4F7556}") = "OOPAbstract", "OOPAbstract\OOPAbstract.csproj", "{10F4F8E1-5735-49EE-8B65-4D7526C1EDD2}"
EndProject
Project("{2150E333-8FDC-42A3-9474-1A3956D46DE8}") = "Buoi4", "Buoi4", "{2A2424C4-4253-4158-BB5E-BC5EBA7EBE2B}"
EndProject
Project("{9A19103F-16F7-4668-BE54-9A1E7A4F7556}") = "OOPEncapsulation", "OOPEncapsulation\OOPEncapsulation.csproj", "{76107B34-A73C-43FB-8C20-E18814F1340F}"
EndProject
Project("{9A19103F-16F7-4668-BE54-9A1E7A4F7556}") = "OOPEncapsulationCons", "OOPEncapsulationCons\OOPEncapsulationCons.csproj", "{E41F24C5-95E9-4E90-9C7B-1DC53D2A4BAD}"
EndProject
Project("{9A19103F-16F7-4668-BE54-9A1E7A4F7556}") = "OOPPolymorphism", "OOPPolymorphism\OOPPolymorphism.csproj", "{8CC380B6-FADB-4DBD-9FA6-3A0577005486}"
EndProject
Project("{2150E333-8FDC-42A3-9474-1A3956D46DE8}") = "Buoi5", "Buoi5", "{F8C264C7-F3F1-4E1D-B530-000AF2ED2B11}"
EndProject
Project("{9A19103F-16F7-4668-BE54-9A1E7A4F7556}") = "OOPInterface", "OOPInterface\OOPInterface.csproj", "{5A8A8922-E324-4E32-BF5B-4F7A2C390F93}"
EndProject
Project("{9A19103F-16F7-4668-BE54-9A1E7A4F7556}") = "CollectionCSharp", "CollectionCSharp\CollectionCSharp.csproj", "{84A80DCB-2AC8-4193-94B2-63E25774165E}"
EndProject
Project("{2150E333-8FDC-42A3-9474-1A3956D46DE8}") = "Buoi6", "Buoi6", "{A1B2499B-6E84-422B-8167-F071E8D3AABC}"
EndProject
Project("{9A19103F-16F7-4668-BE54-9A1E7A4F7556}") = "OOPLIST", "OOPLIST\OOPLIST.csproj", "{E0542AC2-4379-4924-9157-38472A384458}"
EndProject
Project("{2150E333-8FDC-42A3-9474-1A3956D46DE8}") = "Buoi7", "Buoi7", "{A25A3997-A676-41F5-8EBB-2C8BE4683489}"
EndProject
Project("{9A19103F-16F7-4668-BE54-9A1E7A4F7556}") = "DelegateEvent", "DelegateEvent\DelegateEvent.csproj", "{CD0D95BE-708D-421F-B37D-5147799B7357}"
EndProject
Project("{9A19103F-16F7-4668-BE54-9A1E7A4F7556}") = "LocalFunction", "LocalFunction\LocalFunction.csproj", "{8A62EB61-2085-4035-A1F8-568DCE18A0BA}"
EndProject
Project("{2150E333-8FDC-42A3-9474-1A3956D46DE8}") = "Buoi8", "Buoi8", "{9F784A21-95A4-4DE9-BEDE-9EC793A978BC}"
EndProject
Project("{9A19103F-16F7-4668-BE54-9A1E7A4F7556}") = "ReturnYield", "ReturnYield\ReturnYield.csproj", "{45FD96BB-DC94-4D45-98FB-6DCBFFE587F3}"
EndProject
Project("{9A19103F-16F7-4668-BE54-9A1E7A4F7556}") = "ValueTuple", "ValueTuple\ValueTuple.csproj", "{D5554A9A-96EE-42B9-8C08-D163EBF99514}"
EndProject
Project("{2150E333-8FDC-42A3-9474-1A3956D46DE8}") = "Buoi9", "Buoi9", "{32C59B19-14E2-4820-BFF3-3DE136FDD29C}"
EndProject
Project("{FAE04EC0-301F-11D3-BF4B-00C04F79EFBC}") = "EFCoreCodeFirst", "EFCoreCodeFirst\EFCoreCodeFirst.csproj", "{193166F9-3846-453B-A872-70B47446B8BC}"
EndProject
Global
	GlobalSection(SolutionConfigurationPlatforms) = preSolution
		Debug|Any CPU = Debug|Any CPU
		Release|Any CPU = Release|Any CPU
	EndGlobalSection
	GlobalSection(ProjectConfigurationPlatforms) = postSolution
		{29984990-90BD-4536-82F1-3B957D7C1D1B}.Debug|Any CPU.ActiveCfg = Debug|Any CPU
		{29984990-90BD-4536-82F1-3B957D7C1D1B}.Debug|Any CPU.Build.0 = Debug|Any CPU
		{29984990-90BD-4536-82F1-3B957D7C1D1B}.Release|Any CPU.ActiveCfg = Release|Any CPU
		{29984990-90BD-4536-82F1-3B957D7C1D1B}.Release|Any CPU.Build.0 = Release|Any CPU
		{69F40945-C7E7-4515-A223-C505C50C1FB5}.Debug|Any CPU.ActiveCfg = Debug|Any CPU
		{69F40945-C7E7-4515-A223-C505C50C1FB5}.Debug|Any CPU.Build.0 = Debug|Any CPU
		{69F40945-C7E7-4515-A223-C505C50C1FB5}.Release|Any CPU.ActiveCfg = Release|Any CPU
		{69F40945-C7E7-4515-A223-C505C50C1FB5}.Release|Any CPU.Build.0 = Release|Any CPU
		{146EA814-4814-452B-A919-4FD8B6590A91}.Debug|Any CPU.ActiveCfg = Debug|Any CPU
		{146EA814-4814-452B-A919-4FD8B6590A91}.Debug|Any CPU.Build.0 = Debug|Any CPU
		{146EA814-4814-452B-A919-4FD8B6590A91}.Release|Any CPU.ActiveCfg = Release|Any CPU
		{146EA814-4814-452B-A919-4FD8B6590A91}.Release|Any CPU.Build.0 = Release|Any CPU
		{9938570B-2673-4DB0-A2A6-B489C35EF939}.Debug|Any CPU.ActiveCfg = Debug|Any CPU
		{9938570B-2673-4DB0-A2A6-B489C35EF939}.Debug|Any CPU.Build.0 = Debug|Any CPU
		{9938570B-2673-4DB0-A2A6-B489C35EF939}.Release|Any CPU.ActiveCfg = Release|Any CPU
		{9938570B-2673-4DB0-A2A6-B489C35EF939}.Release|Any CPU.Build.0 = Release|Any CPU
		{AE43C14C-F246-4A0F-A3E9-ACAC62AEBC9C}.Debug|Any CPU.ActiveCfg = Debug|Any CPU
		{AE43C14C-F246-4A0F-A3E9-ACAC62AEBC9C}.Debug|Any CPU.Build.0 = Debug|Any CPU
		{AE43C14C-F246-4A0F-A3E9-ACAC62AEBC9C}.Release|Any CPU.ActiveCfg = Release|Any CPU
		{AE43C14C-F246-4A0F-A3E9-ACAC62AEBC9C}.Release|Any CPU.Build.0 = Release|Any CPU
		{560B03E2-1E32-4975-9B9B-0274BB2AE3CF}.Debug|Any CPU.ActiveCfg = Debug|Any CPU
		{560B03E2-1E32-4975-9B9B-0274BB2AE3CF}.Debug|Any CPU.Build.0 = Debug|Any CPU
		{560B03E2-1E32-4975-9B9B-0274BB2AE3CF}.Release|Any CPU.ActiveCfg = Release|Any CPU
		{560B03E2-1E32-4975-9B9B-0274BB2AE3CF}.Release|Any CPU.Build.0 = Release|Any CPU
		{10F4F8E1-5735-49EE-8B65-4D7526C1EDD2}.Debug|Any CPU.ActiveCfg = Debug|Any CPU
		{10F4F8E1-5735-49EE-8B65-4D7526C1EDD2}.Debug|Any CPU.Build.0 = Debug|Any CPU
		{10F4F8E1-5735-49EE-8B65-4D7526C1EDD2}.Release|Any CPU.ActiveCfg = Release|Any CPU
		{10F4F8E1-5735-49EE-8B65-4D7526C1EDD2}.Release|Any CPU.Build.0 = Release|Any CPU
		{76107B34-A73C-43FB-8C20-E18814F1340F}.Debug|Any CPU.ActiveCfg = Debug|Any CPU
		{76107B34-A73C-43FB-8C20-E18814F1340F}.Debug|Any CPU.Build.0 = Debug|Any CPU
		{76107B34-A73C-43FB-8C20-E18814F1340F}.Release|Any CPU.ActiveCfg = Release|Any CPU
		{76107B34-A73C-43FB-8C20-E18814F1340F}.Release|Any CPU.Build.0 = Release|Any CPU
		{E41F24C5-95E9-4E90-9C7B-1DC53D2A4BAD}.Debug|Any CPU.ActiveCfg = Debug|Any CPU
		{E41F24C5-95E9-4E90-9C7B-1DC53D2A4BAD}.Debug|Any CPU.Build.0 = Debug|Any CPU
		{E41F24C5-95E9-4E90-9C7B-1DC53D2A4BAD}.Release|Any CPU.ActiveCfg = Release|Any CPU
		{E41F24C5-95E9-4E90-9C7B-1DC53D2A4BAD}.Release|Any CPU.Build.0 = Release|Any CPU
		{8CC380B6-FADB-4DBD-9FA6-3A0577005486}.Debug|Any CPU.ActiveCfg = Debug|Any CPU
		{8CC380B6-FADB-4DBD-9FA6-3A0577005486}.Debug|Any CPU.Build.0 = Debug|Any CPU
		{8CC380B6-FADB-4DBD-9FA6-3A0577005486}.Release|Any CPU.ActiveCfg = Release|Any CPU
		{8CC380B6-FADB-4DBD-9FA6-3A0577005486}.Release|Any CPU.Build.0 = Release|Any CPU
		{5A8A8922-E324-4E32-BF5B-4F7A2C390F93}.Debug|Any CPU.ActiveCfg = Debug|Any CPU
		{5A8A8922-E324-4E32-BF5B-4F7A2C390F93}.Debug|Any CPU.Build.0 = Debug|Any CPU
		{5A8A8922-E324-4E32-BF5B-4F7A2C390F93}.Release|Any CPU.ActiveCfg = Release|Any CPU
		{5A8A8922-E324-4E32-BF5B-4F7A2C390F93}.Release|Any CPU.Build.0 = Release|Any CPU
		{84A80DCB-2AC8-4193-94B2-63E25774165E}.Debug|Any CPU.ActiveCfg = Debug|Any CPU
		{84A80DCB-2AC8-4193-94B2-63E25774165E}.Debug|Any CPU.Build.0 = Debug|Any CPU
		{84A80DCB-2AC8-4193-94B2-63E25774165E}.Release|Any CPU.ActiveCfg = Release|Any CPU
		{84A80DCB-2AC8-4193-94B2-63E25774165E}.Release|Any CPU.Build.0 = Release|Any CPU
		{E0542AC2-4379-4924-9157-38472A384458}.Debug|Any CPU.ActiveCfg = Debug|Any CPU
		{E0542AC2-4379-4924-9157-38472A384458}.Debug|Any CPU.Build.0 = Debug|Any CPU
		{E0542AC2-4379-4924-9157-38472A384458}.Release|Any CPU.ActiveCfg = Release|Any CPU
		{E0542AC2-4379-4924-9157-38472A384458}.Release|Any CPU.Build.0 = Release|Any CPU
		{CD0D95BE-708D-421F-B37D-5147799B7357}.Debug|Any CPU.ActiveCfg = Debug|Any CPU
		{CD0D95BE-708D-421F-B37D-5147799B7357}.Debug|Any CPU.Build.0 = Debug|Any CPU
		{CD0D95BE-708D-421F-B37D-5147799B7357}.Release|Any CPU.ActiveCfg = Release|Any CPU
		{CD0D95BE-708D-421F-B37D-5147799B7357}.Release|Any CPU.Build.0 = Release|Any CPU
		{8A62EB61-2085-4035-A1F8-568DCE18A0BA}.Debug|Any CPU.ActiveCfg = Debug|Any CPU
		{8A62EB61-2085-4035-A1F8-568DCE18A0BA}.Debug|Any CPU.Build.0 = Debug|Any CPU
		{8A62EB61-2085-4035-A1F8-568DCE18A0BA}.Release|Any CPU.ActiveCfg = Release|Any CPU
		{8A62EB61-2085-4035-A1F8-568DCE18A0BA}.Release|Any CPU.Build.0 = Release|Any CPU
		{45FD96BB-DC94-4D45-98FB-6DCBFFE587F3}.Debug|Any CPU.ActiveCfg = Debug|Any CPU
		{45FD96BB-DC94-4D45-98FB-6DCBFFE587F3}.Debug|Any CPU.Build.0 = Debug|Any CPU
		{45FD96BB-DC94-4D45-98FB-6DCBFFE587F3}.Release|Any CPU.ActiveCfg = Release|Any CPU
		{45FD96BB-DC94-4D45-98FB-6DCBFFE587F3}.Release|Any CPU.Build.0 = Release|Any CPU
		{D5554A9A-96EE-42B9-8C08-D163EBF99514}.Debug|Any CPU.ActiveCfg = Debug|Any CPU
		{D5554A9A-96EE-42B9-8C08-D163EBF99514}.Debug|Any CPU.Build.0 = Debug|Any CPU
		{D5554A9A-96EE-42B9-8C08-D163EBF99514}.Release|Any CPU.ActiveCfg = Release|Any CPU
		{D5554A9A-96EE-42B9-8C08-D163EBF99514}.Release|Any CPU.Build.0 = Release|Any CPU
		{193166F9-3846-453B-A872-70B47446B8BC}.Debug|Any CPU.ActiveCfg = Debug|Any CPU
		{193166F9-3846-453B-A872-70B47446B8BC}.Debug|Any CPU.Build.0 = Debug|Any CPU
		{193166F9-3846-453B-A872-70B47446B8BC}.Release|Any CPU.ActiveCfg = Release|Any CPU
		{193166F9-3846-453B-A872-70B47446B8BC}.Release|Any CPU.Build.0 = Release|Any CPU
	EndGlobalSection
	GlobalSection(SolutionProperties) = preSolution
		HideSolutionNode = FALSE
	EndGlobalSection
	GlobalSection(NestedProjects) = preSolution
		{29984990-90BD-4536-82F1-3B957D7C1D1B} = {EA889A45-1DDD-45B2-9A51-413C789A6BC6}
		{69F40945-C7E7-4515-A223-C505C50C1FB5} = {EA889A45-1DDD-45B2-9A51-413C789A6BC6}
		{146EA814-4814-452B-A919-4FD8B6590A91} = {3E461A8A-2CAC-4D86-A03A-8E17EFEC662E}
		{9938570B-2673-4DB0-A2A6-B489C35EF939} = {3E461A8A-2CAC-4D86-A03A-8E17EFEC662E}
		{AE43C14C-F246-4A0F-A3E9-ACAC62AEBC9C} = {3E461A8A-2CAC-4D86-A03A-8E17EFEC662E}
		{560B03E2-1E32-4975-9B9B-0274BB2AE3CF} = {D97ABCC1-7740-4A7C-A51E-578A5FE8005C}
		{10F4F8E1-5735-49EE-8B65-4D7526C1EDD2} = {D97ABCC1-7740-4A7C-A51E-578A5FE8005C}
		{76107B34-A73C-43FB-8C20-E18814F1340F} = {2A2424C4-4253-4158-BB5E-BC5EBA7EBE2B}
		{E41F24C5-95E9-4E90-9C7B-1DC53D2A4BAD} = {2A2424C4-4253-4158-BB5E-BC5EBA7EBE2B}
		{8CC380B6-FADB-4DBD-9FA6-3A0577005486} = {2A2424C4-4253-4158-BB5E-BC5EBA7EBE2B}
		{5A8A8922-E324-4E32-BF5B-4F7A2C390F93} = {F8C264C7-F3F1-4E1D-B530-000AF2ED2B11}
		{84A80DCB-2AC8-4193-94B2-63E25774165E} = {F8C264C7-F3F1-4E1D-B530-000AF2ED2B11}
		{E0542AC2-4379-4924-9157-38472A384458} = {A1B2499B-6E84-422B-8167-F071E8D3AABC}
		{CD0D95BE-708D-421F-B37D-5147799B7357} = {A25A3997-A676-41F5-8EBB-2C8BE4683489}
		{8A62EB61-2085-4035-A1F8-568DCE18A0BA} = {A25A3997-A676-41F5-8EBB-2C8BE4683489}
		{45FD96BB-DC94-4D45-98FB-6DCBFFE587F3} = {9F784A21-95A4-4DE9-BEDE-9EC793A978BC}
		{D5554A9A-96EE-42B9-8C08-D163EBF99514} = {9F784A21-95A4-4DE9-BEDE-9EC793A978BC}
		{193166F9-3846-453B-A872-70B47446B8BC} = {32C59B19-14E2-4820-BFF3-3DE136FDD29C}
	EndGlobalSection
	GlobalSection(ExtensibilityGlobals) = postSolution
		SolutionGuid = {536B73EB-802F-47A8-96A5-9E8E6AC7DC09}
	EndGlobalSection
EndGlobal
